// !$*UTF8*$!
{
	archiveVersion = 1;
	classes = {
	};
	objectVersion = 47;
	objects = {

/* Begin PBXBuildFile section */
		0EE518D222A3E0E5007B8A3D /* FeatureManager+OverrideScreen.swift in Sources */ = {isa = PBXBuildFile; fileRef = 0EE518C622A3E0E5007B8A3D /* FeatureManager+OverrideScreen.swift */; };
		0EE518D322A3E0E5007B8A3D /* FeatureManager+OverrideScreen.swift in Sources */ = {isa = PBXBuildFile; fileRef = 0EE518C622A3E0E5007B8A3D /* FeatureManager+OverrideScreen.swift */; };
		0EE518D422A3E0E5007B8A3D /* FeatureManager+OverrideScreen.swift in Sources */ = {isa = PBXBuildFile; fileRef = 0EE518C622A3E0E5007B8A3D /* FeatureManager+OverrideScreen.swift */; };
		0EE518D522A3E0E5007B8A3D /* Localizable.strings in Resources */ = {isa = PBXBuildFile; fileRef = 0EE518C722A3E0E5007B8A3D /* Localizable.strings */; };
		0EE518D622A3E0E5007B8A3D /* Localizable.strings in Resources */ = {isa = PBXBuildFile; fileRef = 0EE518C722A3E0E5007B8A3D /* Localizable.strings */; };
		0EE518D722A3E0E5007B8A3D /* Localizable.strings in Resources */ = {isa = PBXBuildFile; fileRef = 0EE518C722A3E0E5007B8A3D /* Localizable.strings */; };
		0EE518D822A3E0E5007B8A3D /* FeaturesOverrideViewController.swift in Sources */ = {isa = PBXBuildFile; fileRef = 0EE518C822A3E0E5007B8A3D /* FeaturesOverrideViewController.swift */; };
		0EE518D922A3E0E5007B8A3D /* FeaturesOverrideViewController.swift in Sources */ = {isa = PBXBuildFile; fileRef = 0EE518C822A3E0E5007B8A3D /* FeaturesOverrideViewController.swift */; };
		0EE518DA22A3E0E5007B8A3D /* FeaturesOverrideViewController.swift in Sources */ = {isa = PBXBuildFile; fileRef = 0EE518C822A3E0E5007B8A3D /* FeaturesOverrideViewController.swift */; };
		0EE518DB22A3E0E5007B8A3D /* UIWindow+shake.swift in Sources */ = {isa = PBXBuildFile; fileRef = 0EE518C922A3E0E5007B8A3D /* UIWindow+shake.swift */; };
		0EE518DC22A3E0E5007B8A3D /* UIWindow+shake.swift in Sources */ = {isa = PBXBuildFile; fileRef = 0EE518C922A3E0E5007B8A3D /* UIWindow+shake.swift */; };
		0EE518DD22A3E0E5007B8A3D /* UIWindow+shake.swift in Sources */ = {isa = PBXBuildFile; fileRef = 0EE518C922A3E0E5007B8A3D /* UIWindow+shake.swift */; };
		0EE518DE22A3E0E5007B8A3D /* UserDefaultsSettingsStorage.swift in Sources */ = {isa = PBXBuildFile; fileRef = 0EE518CC22A3E0E5007B8A3D /* UserDefaultsSettingsStorage.swift */; };
		0EE518DF22A3E0E5007B8A3D /* UserDefaultsSettingsStorage.swift in Sources */ = {isa = PBXBuildFile; fileRef = 0EE518CC22A3E0E5007B8A3D /* UserDefaultsSettingsStorage.swift */; };
		0EE518E022A3E0E5007B8A3D /* UserDefaultsSettingsStorage.swift in Sources */ = {isa = PBXBuildFile; fileRef = 0EE518CC22A3E0E5007B8A3D /* UserDefaultsSettingsStorage.swift */; };
		0EE518E122A3E0E5007B8A3D /* InMemorySettingsStorage.swift in Sources */ = {isa = PBXBuildFile; fileRef = 0EE518CD22A3E0E5007B8A3D /* InMemorySettingsStorage.swift */; };
		0EE518E222A3E0E5007B8A3D /* InMemorySettingsStorage.swift in Sources */ = {isa = PBXBuildFile; fileRef = 0EE518CD22A3E0E5007B8A3D /* InMemorySettingsStorage.swift */; };
		0EE518E322A3E0E5007B8A3D /* InMemorySettingsStorage.swift in Sources */ = {isa = PBXBuildFile; fileRef = 0EE518CD22A3E0E5007B8A3D /* InMemorySettingsStorage.swift */; };
		0EE518E422A3E0E5007B8A3D /* Feature.swift in Sources */ = {isa = PBXBuildFile; fileRef = 0EE518CE22A3E0E5007B8A3D /* Feature.swift */; };
		0EE518E522A3E0E5007B8A3D /* Feature.swift in Sources */ = {isa = PBXBuildFile; fileRef = 0EE518CE22A3E0E5007B8A3D /* Feature.swift */; };
		0EE518E622A3E0E5007B8A3D /* Feature.swift in Sources */ = {isa = PBXBuildFile; fileRef = 0EE518CE22A3E0E5007B8A3D /* Feature.swift */; };
		0EE518E722A3E0E5007B8A3D /* FeatureManager.swift in Sources */ = {isa = PBXBuildFile; fileRef = 0EE518CF22A3E0E5007B8A3D /* FeatureManager.swift */; };
		0EE518E822A3E0E5007B8A3D /* FeatureManager.swift in Sources */ = {isa = PBXBuildFile; fileRef = 0EE518CF22A3E0E5007B8A3D /* FeatureManager.swift */; };
		0EE518E922A3E0E5007B8A3D /* FeatureManager.swift in Sources */ = {isa = PBXBuildFile; fileRef = 0EE518CF22A3E0E5007B8A3D /* FeatureManager.swift */; };
		0EE518EA22A3E0E5007B8A3D /* SettingsStorage.swift in Sources */ = {isa = PBXBuildFile; fileRef = 0EE518D022A3E0E5007B8A3D /* SettingsStorage.swift */; };
		0EE518EB22A3E0E5007B8A3D /* SettingsStorage.swift in Sources */ = {isa = PBXBuildFile; fileRef = 0EE518D022A3E0E5007B8A3D /* SettingsStorage.swift */; };
		0EE518EC22A3E0E5007B8A3D /* SettingsStorage.swift in Sources */ = {isa = PBXBuildFile; fileRef = 0EE518D022A3E0E5007B8A3D /* SettingsStorage.swift */; };
		0EE518ED22A3E0E5007B8A3D /* Configuration.swift in Sources */ = {isa = PBXBuildFile; fileRef = 0EE518D122A3E0E5007B8A3D /* Configuration.swift */; };
		0EE518EE22A3E0E5007B8A3D /* Configuration.swift in Sources */ = {isa = PBXBuildFile; fileRef = 0EE518D122A3E0E5007B8A3D /* Configuration.swift */; };
		0EE518EF22A3E0E5007B8A3D /* Configuration.swift in Sources */ = {isa = PBXBuildFile; fileRef = 0EE518D122A3E0E5007B8A3D /* Configuration.swift */; };
		0EE518F722A3E1E5007B8A3D /* AppDelegate.swift in Sources */ = {isa = PBXBuildFile; fileRef = 0EE518F622A3E1E5007B8A3D /* AppDelegate.swift */; };
		0EE518F922A3E1E5007B8A3D /* ViewController.swift in Sources */ = {isa = PBXBuildFile; fileRef = 0EE518F822A3E1E5007B8A3D /* ViewController.swift */; };
		0EE518FC22A3E1E5007B8A3D /* Main.storyboard in Resources */ = {isa = PBXBuildFile; fileRef = 0EE518FA22A3E1E5007B8A3D /* Main.storyboard */; };
		0EE518FE22A3E1E7007B8A3D /* Assets.xcassets in Resources */ = {isa = PBXBuildFile; fileRef = 0EE518FD22A3E1E7007B8A3D /* Assets.xcassets */; };
		0EE5190122A3E1E7007B8A3D /* LaunchScreen.storyboard in Resources */ = {isa = PBXBuildFile; fileRef = 0EE518FF22A3E1E7007B8A3D /* LaunchScreen.storyboard */; };
		0EE5190722A3E20B007B8A3D /* ApplicationFeatures.swift in Sources */ = {isa = PBXBuildFile; fileRef = 0EE5190622A3E20B007B8A3D /* ApplicationFeatures.swift */; };
		0EE5190922A3E299007B8A3D /* FeatureManagerTests.swift in Sources */ = {isa = PBXBuildFile; fileRef = 0EE5190822A3E299007B8A3D /* FeatureManagerTests.swift */; };
		0EE5190A22A3E299007B8A3D /* FeatureManagerTests.swift in Sources */ = {isa = PBXBuildFile; fileRef = 0EE5190822A3E299007B8A3D /* FeatureManagerTests.swift */; };
		0EE5190B22A3E299007B8A3D /* FeatureManagerTests.swift in Sources */ = {isa = PBXBuildFile; fileRef = 0EE5190822A3E299007B8A3D /* FeatureManagerTests.swift */; };
		0EE5190D22A3E352007B8A3D /* InMemorySettingsStorageTests.swift in Sources */ = {isa = PBXBuildFile; fileRef = 0EE5190C22A3E352007B8A3D /* InMemorySettingsStorageTests.swift */; };
		0EE5190E22A3E352007B8A3D /* InMemorySettingsStorageTests.swift in Sources */ = {isa = PBXBuildFile; fileRef = 0EE5190C22A3E352007B8A3D /* InMemorySettingsStorageTests.swift */; };
		0EE5190F22A3E352007B8A3D /* InMemorySettingsStorageTests.swift in Sources */ = {isa = PBXBuildFile; fileRef = 0EE5190C22A3E352007B8A3D /* InMemorySettingsStorageTests.swift */; };
		0EE5191522A3EC43007B8A3D /* UserDefaultsSettingsStorageTests.swift in Sources */ = {isa = PBXBuildFile; fileRef = 0EE5191422A3EC43007B8A3D /* UserDefaultsSettingsStorageTests.swift */; };
		0EE5191622A3EC43007B8A3D /* UserDefaultsSettingsStorageTests.swift in Sources */ = {isa = PBXBuildFile; fileRef = 0EE5191422A3EC43007B8A3D /* UserDefaultsSettingsStorageTests.swift */; };
		0EE5191722A3EC43007B8A3D /* UserDefaultsSettingsStorageTests.swift in Sources */ = {isa = PBXBuildFile; fileRef = 0EE5191422A3EC43007B8A3D /* UserDefaultsSettingsStorageTests.swift */; };
		52D6D9871BEFF229002C0205 /* Shunter.framework in Frameworks */ = {isa = PBXBuildFile; fileRef = 52D6D97C1BEFF229002C0205 /* Shunter.framework */; };
		DD7502881C68FEDE006590AF /* Shunter.framework in Frameworks */ = {isa = PBXBuildFile; fileRef = 52D6DA0F1BF000BD002C0205 /* Shunter.framework */; };
		DD7502921C690C7A006590AF /* Shunter.framework in Frameworks */ = {isa = PBXBuildFile; fileRef = 52D6D9F01BEFFFBE002C0205 /* Shunter.framework */; };
/* End PBXBuildFile section */

/* Begin PBXContainerItemProxy section */
		52D6D9881BEFF229002C0205 /* PBXContainerItemProxy */ = {
			isa = PBXContainerItemProxy;
			containerPortal = 52D6D9731BEFF229002C0205 /* Project object */;
			proxyType = 1;
			remoteGlobalIDString = 52D6D97B1BEFF229002C0205;
			remoteInfo = Shunter;
		};
		DD7502801C68FCFC006590AF /* PBXContainerItemProxy */ = {
			isa = PBXContainerItemProxy;
			containerPortal = 52D6D9731BEFF229002C0205 /* Project object */;
			proxyType = 1;
			remoteGlobalIDString = 52D6DA0E1BF000BD002C0205;
			remoteInfo = "Shunter-macOS";
		};
		DD7502931C690C7A006590AF /* PBXContainerItemProxy */ = {
			isa = PBXContainerItemProxy;
			containerPortal = 52D6D9731BEFF229002C0205 /* Project object */;
			proxyType = 1;
			remoteGlobalIDString = 52D6D9EF1BEFFFBE002C0205;
			remoteInfo = "Shunter-tvOS";
		};
/* End PBXContainerItemProxy section */

/* Begin PBXFileReference section */
		0EE518C622A3E0E5007B8A3D /* FeatureManager+OverrideScreen.swift */ = {isa = PBXFileReference; fileEncoding = 4; lastKnownFileType = sourcecode.swift; path = "FeatureManager+OverrideScreen.swift"; sourceTree = "<group>"; };
		0EE518C722A3E0E5007B8A3D /* Localizable.strings */ = {isa = PBXFileReference; fileEncoding = 4; lastKnownFileType = text.plist.strings; path = Localizable.strings; sourceTree = "<group>"; };
		0EE518C822A3E0E5007B8A3D /* FeaturesOverrideViewController.swift */ = {isa = PBXFileReference; fileEncoding = 4; lastKnownFileType = sourcecode.swift; path = FeaturesOverrideViewController.swift; sourceTree = "<group>"; };
		0EE518C922A3E0E5007B8A3D /* UIWindow+shake.swift */ = {isa = PBXFileReference; fileEncoding = 4; lastKnownFileType = sourcecode.swift; path = "UIWindow+shake.swift"; sourceTree = "<group>"; };
		0EE518CC22A3E0E5007B8A3D /* UserDefaultsSettingsStorage.swift */ = {isa = PBXFileReference; fileEncoding = 4; lastKnownFileType = sourcecode.swift; path = UserDefaultsSettingsStorage.swift; sourceTree = "<group>"; };
		0EE518CD22A3E0E5007B8A3D /* InMemorySettingsStorage.swift */ = {isa = PBXFileReference; fileEncoding = 4; lastKnownFileType = sourcecode.swift; path = InMemorySettingsStorage.swift; sourceTree = "<group>"; };
		0EE518CE22A3E0E5007B8A3D /* Feature.swift */ = {isa = PBXFileReference; fileEncoding = 4; lastKnownFileType = sourcecode.swift; path = Feature.swift; sourceTree = "<group>"; };
		0EE518CF22A3E0E5007B8A3D /* FeatureManager.swift */ = {isa = PBXFileReference; fileEncoding = 4; lastKnownFileType = sourcecode.swift; path = FeatureManager.swift; sourceTree = "<group>"; };
		0EE518D022A3E0E5007B8A3D /* SettingsStorage.swift */ = {isa = PBXFileReference; fileEncoding = 4; lastKnownFileType = sourcecode.swift; path = SettingsStorage.swift; sourceTree = "<group>"; };
		0EE518D122A3E0E5007B8A3D /* Configuration.swift */ = {isa = PBXFileReference; fileEncoding = 4; lastKnownFileType = sourcecode.swift; path = Configuration.swift; sourceTree = "<group>"; };
		0EE518F422A3E1E5007B8A3D /* Demo.app */ = {isa = PBXFileReference; explicitFileType = wrapper.application; includeInIndex = 0; path = Demo.app; sourceTree = BUILT_PRODUCTS_DIR; };
		0EE518F622A3E1E5007B8A3D /* AppDelegate.swift */ = {isa = PBXFileReference; lastKnownFileType = sourcecode.swift; path = AppDelegate.swift; sourceTree = "<group>"; };
		0EE518F822A3E1E5007B8A3D /* ViewController.swift */ = {isa = PBXFileReference; lastKnownFileType = sourcecode.swift; path = ViewController.swift; sourceTree = "<group>"; };
		0EE518FB22A3E1E5007B8A3D /* Base */ = {isa = PBXFileReference; lastKnownFileType = file.storyboard; name = Base; path = Base.lproj/Main.storyboard; sourceTree = "<group>"; };
		0EE518FD22A3E1E7007B8A3D /* Assets.xcassets */ = {isa = PBXFileReference; lastKnownFileType = folder.assetcatalog; path = Assets.xcassets; sourceTree = "<group>"; };
		0EE5190022A3E1E7007B8A3D /* Base */ = {isa = PBXFileReference; lastKnownFileType = file.storyboard; name = Base; path = Base.lproj/LaunchScreen.storyboard; sourceTree = "<group>"; };
		0EE5190222A3E1E7007B8A3D /* Info.plist */ = {isa = PBXFileReference; lastKnownFileType = text.plist.xml; path = Info.plist; sourceTree = "<group>"; };
		0EE5190622A3E20B007B8A3D /* ApplicationFeatures.swift */ = {isa = PBXFileReference; fileEncoding = 4; lastKnownFileType = sourcecode.swift; path = ApplicationFeatures.swift; sourceTree = "<group>"; };
		0EE5190822A3E299007B8A3D /* FeatureManagerTests.swift */ = {isa = PBXFileReference; lastKnownFileType = sourcecode.swift; path = FeatureManagerTests.swift; sourceTree = "<group>"; };
		0EE5190C22A3E352007B8A3D /* InMemorySettingsStorageTests.swift */ = {isa = PBXFileReference; lastKnownFileType = sourcecode.swift; path = InMemorySettingsStorageTests.swift; sourceTree = "<group>"; };
		0EE5191422A3EC43007B8A3D /* UserDefaultsSettingsStorageTests.swift */ = {isa = PBXFileReference; lastKnownFileType = sourcecode.swift; path = UserDefaultsSettingsStorageTests.swift; sourceTree = "<group>"; };
		52D6D97C1BEFF229002C0205 /* Shunter.framework */ = {isa = PBXFileReference; explicitFileType = wrapper.framework; includeInIndex = 0; path = Shunter.framework; sourceTree = BUILT_PRODUCTS_DIR; };
		52D6D9861BEFF229002C0205 /* Shunter-iOS Tests.xctest */ = {isa = PBXFileReference; explicitFileType = wrapper.cfbundle; includeInIndex = 0; path = "Shunter-iOS Tests.xctest"; sourceTree = BUILT_PRODUCTS_DIR; };
		52D6D9F01BEFFFBE002C0205 /* Shunter.framework */ = {isa = PBXFileReference; explicitFileType = wrapper.framework; includeInIndex = 0; path = Shunter.framework; sourceTree = BUILT_PRODUCTS_DIR; };
		52D6DA0F1BF000BD002C0205 /* Shunter.framework */ = {isa = PBXFileReference; explicitFileType = wrapper.framework; includeInIndex = 0; path = Shunter.framework; sourceTree = BUILT_PRODUCTS_DIR; };
		AD2FAA261CD0B6D800659CF4 /* Shunter.plist */ = {isa = PBXFileReference; fileEncoding = 4; lastKnownFileType = text.plist.xml; path = Shunter.plist; sourceTree = "<group>"; };
		AD2FAA281CD0B6E100659CF4 /* ShunterTests.plist */ = {isa = PBXFileReference; fileEncoding = 4; lastKnownFileType = text.plist.xml; path = ShunterTests.plist; sourceTree = "<group>"; };
		DD75027A1C68FCFC006590AF /* Shunter-macOS Tests.xctest */ = {isa = PBXFileReference; explicitFileType = wrapper.cfbundle; includeInIndex = 0; path = "Shunter-macOS Tests.xctest"; sourceTree = BUILT_PRODUCTS_DIR; };
		DD75028D1C690C7A006590AF /* Shunter-tvOS Tests.xctest */ = {isa = PBXFileReference; explicitFileType = wrapper.cfbundle; includeInIndex = 0; path = "Shunter-tvOS Tests.xctest"; sourceTree = BUILT_PRODUCTS_DIR; };
/* End PBXFileReference section */

/* Begin PBXFrameworksBuildPhase section */
		0EE518F122A3E1E5007B8A3D /* Frameworks */ = {
			isa = PBXFrameworksBuildPhase;
			buildActionMask = 2147483647;
			files = (
			);
			runOnlyForDeploymentPostprocessing = 0;
		};
		52D6D9781BEFF229002C0205 /* Frameworks */ = {
			isa = PBXFrameworksBuildPhase;
			buildActionMask = 2147483647;
			files = (
			);
			runOnlyForDeploymentPostprocessing = 0;
		};
		52D6D9831BEFF229002C0205 /* Frameworks */ = {
			isa = PBXFrameworksBuildPhase;
			buildActionMask = 2147483647;
			files = (
				52D6D9871BEFF229002C0205 /* Shunter.framework in Frameworks */,
			);
			runOnlyForDeploymentPostprocessing = 0;
		};
		52D6D9EC1BEFFFBE002C0205 /* Frameworks */ = {
			isa = PBXFrameworksBuildPhase;
			buildActionMask = 2147483647;
			files = (
			);
			runOnlyForDeploymentPostprocessing = 0;
		};
		52D6DA0B1BF000BD002C0205 /* Frameworks */ = {
			isa = PBXFrameworksBuildPhase;
			buildActionMask = 2147483647;
			files = (
			);
			runOnlyForDeploymentPostprocessing = 0;
		};
		DD7502771C68FCFC006590AF /* Frameworks */ = {
			isa = PBXFrameworksBuildPhase;
			buildActionMask = 2147483647;
			files = (
				DD7502881C68FEDE006590AF /* Shunter.framework in Frameworks */,
			);
			runOnlyForDeploymentPostprocessing = 0;
		};
		DD75028A1C690C7A006590AF /* Frameworks */ = {
			isa = PBXFrameworksBuildPhase;
			buildActionMask = 2147483647;
			files = (
				DD7502921C690C7A006590AF /* Shunter.framework in Frameworks */,
			);
			runOnlyForDeploymentPostprocessing = 0;
		};
/* End PBXFrameworksBuildPhase section */

/* Begin PBXGroup section */
		0EE518C522A3E0E5007B8A3D /* OverrideScreen */ = {
			isa = PBXGroup;
			children = (
				0EE518C622A3E0E5007B8A3D /* FeatureManager+OverrideScreen.swift */,
				0EE518C722A3E0E5007B8A3D /* Localizable.strings */,
				0EE518C822A3E0E5007B8A3D /* FeaturesOverrideViewController.swift */,
				0EE518C922A3E0E5007B8A3D /* UIWindow+shake.swift */,
			);
			path = OverrideScreen;
			sourceTree = "<group>";
		};
		0EE518CA22A3E0E5007B8A3D /* Core */ = {
			isa = PBXGroup;
			children = (
				0EE518CB22A3E0E5007B8A3D /* SettingsStorage */,
				0EE518CE22A3E0E5007B8A3D /* Feature.swift */,
				0EE518CF22A3E0E5007B8A3D /* FeatureManager.swift */,
				0EE518D022A3E0E5007B8A3D /* SettingsStorage.swift */,
				0EE518D122A3E0E5007B8A3D /* Configuration.swift */,
			);
			path = Core;
			sourceTree = "<group>";
		};
		0EE518CB22A3E0E5007B8A3D /* SettingsStorage */ = {
			isa = PBXGroup;
			children = (
				0EE518CC22A3E0E5007B8A3D /* UserDefaultsSettingsStorage.swift */,
				0EE518CD22A3E0E5007B8A3D /* InMemorySettingsStorage.swift */,
			);
			path = SettingsStorage;
			sourceTree = "<group>";
		};
		0EE518F522A3E1E5007B8A3D /* Demo */ = {
			isa = PBXGroup;
			children = (
				0EE5190622A3E20B007B8A3D /* ApplicationFeatures.swift */,
				0EE518F622A3E1E5007B8A3D /* AppDelegate.swift */,
				0EE518F822A3E1E5007B8A3D /* ViewController.swift */,
				0EE518FA22A3E1E5007B8A3D /* Main.storyboard */,
				0EE518FD22A3E1E7007B8A3D /* Assets.xcassets */,
				0EE518FF22A3E1E7007B8A3D /* LaunchScreen.storyboard */,
				0EE5190222A3E1E7007B8A3D /* Info.plist */,
			);
			path = Demo;
			sourceTree = "<group>";
		};
		52D6D9721BEFF229002C0205 = {
			isa = PBXGroup;
			children = (
				8933C7811EB5B7E0000D00A4 /* Sources */,
				8933C7831EB5B7EB000D00A4 /* Tests */,
				52D6D99C1BEFF38C002C0205 /* Configs */,
				0EE518F522A3E1E5007B8A3D /* Demo */,
				52D6D97D1BEFF229002C0205 /* Products */,
			);
			sourceTree = "<group>";
		};
		52D6D97D1BEFF229002C0205 /* Products */ = {
			isa = PBXGroup;
			children = (
				52D6D97C1BEFF229002C0205 /* Shunter.framework */,
				52D6D9861BEFF229002C0205 /* Shunter-iOS Tests.xctest */,
				52D6D9F01BEFFFBE002C0205 /* Shunter.framework */,
				52D6DA0F1BF000BD002C0205 /* Shunter.framework */,
				DD75027A1C68FCFC006590AF /* Shunter-macOS Tests.xctest */,
				DD75028D1C690C7A006590AF /* Shunter-tvOS Tests.xctest */,
				0EE518F422A3E1E5007B8A3D /* Demo.app */,
			);
			name = Products;
			sourceTree = "<group>";
		};
		52D6D99C1BEFF38C002C0205 /* Configs */ = {
			isa = PBXGroup;
			children = (
				DD7502721C68FC1B006590AF /* Frameworks */,
				DD7502731C68FC20006590AF /* Tests */,
			);
			path = Configs;
			sourceTree = "<group>";
		};
		8933C7811EB5B7E0000D00A4 /* Sources */ = {
			isa = PBXGroup;
			children = (
				0EE518CA22A3E0E5007B8A3D /* Core */,
				0EE518C522A3E0E5007B8A3D /* OverrideScreen */,
			);
			path = Sources;
			sourceTree = "<group>";
		};
		8933C7831EB5B7EB000D00A4 /* Tests */ = {
			isa = PBXGroup;
			children = (
				0EE5190822A3E299007B8A3D /* FeatureManagerTests.swift */,
				0EE5190C22A3E352007B8A3D /* InMemorySettingsStorageTests.swift */,
				0EE5191422A3EC43007B8A3D /* UserDefaultsSettingsStorageTests.swift */,
			);
			name = Tests;
			path = Tests/ShunterTests;
			sourceTree = "<group>";
		};
		DD7502721C68FC1B006590AF /* Frameworks */ = {
			isa = PBXGroup;
			children = (
				AD2FAA261CD0B6D800659CF4 /* Shunter.plist */,
			);
			name = Frameworks;
			sourceTree = "<group>";
		};
		DD7502731C68FC20006590AF /* Tests */ = {
			isa = PBXGroup;
			children = (
				AD2FAA281CD0B6E100659CF4 /* ShunterTests.plist */,
			);
			name = Tests;
			sourceTree = "<group>";
		};
/* End PBXGroup section */

/* Begin PBXHeadersBuildPhase section */
		52D6D9791BEFF229002C0205 /* Headers */ = {
			isa = PBXHeadersBuildPhase;
			buildActionMask = 2147483647;
			files = (
			);
			runOnlyForDeploymentPostprocessing = 0;
		};
		52D6D9ED1BEFFFBE002C0205 /* Headers */ = {
			isa = PBXHeadersBuildPhase;
			buildActionMask = 2147483647;
			files = (
			);
			runOnlyForDeploymentPostprocessing = 0;
		};
		52D6DA0C1BF000BD002C0205 /* Headers */ = {
			isa = PBXHeadersBuildPhase;
			buildActionMask = 2147483647;
			files = (
			);
			runOnlyForDeploymentPostprocessing = 0;
		};
/* End PBXHeadersBuildPhase section */

/* Begin PBXNativeTarget section */
		0EE518F322A3E1E5007B8A3D /* Demo */ = {
			isa = PBXNativeTarget;
			buildConfigurationList = 0EE5190322A3E1E7007B8A3D /* Build configuration list for PBXNativeTarget "Demo" */;
			buildPhases = (
				0EE518F022A3E1E5007B8A3D /* Sources */,
				0EE518F122A3E1E5007B8A3D /* Frameworks */,
				0EE518F222A3E1E5007B8A3D /* Resources */,
			);
			buildRules = (
			);
			dependencies = (
			);
			name = Demo;
			productName = Demo;
			productReference = 0EE518F422A3E1E5007B8A3D /* Demo.app */;
			productType = "com.apple.product-type.application";
		};
		52D6D97B1BEFF229002C0205 /* Shunter-iOS */ = {
			isa = PBXNativeTarget;
			buildConfigurationList = 52D6D9901BEFF229002C0205 /* Build configuration list for PBXNativeTarget "Shunter-iOS" */;
			buildPhases = (
				52D6D9771BEFF229002C0205 /* Sources */,
				52D6D9781BEFF229002C0205 /* Frameworks */,
				52D6D9791BEFF229002C0205 /* Headers */,
				52D6D97A1BEFF229002C0205 /* Resources */,
			);
			buildRules = (
			);
			dependencies = (
			);
			name = "Shunter-iOS";
			productName = Shunter;
			productReference = 52D6D97C1BEFF229002C0205 /* Shunter.framework */;
			productType = "com.apple.product-type.framework";
		};
		52D6D9851BEFF229002C0205 /* Shunter-iOS Tests */ = {
			isa = PBXNativeTarget;
			buildConfigurationList = 52D6D9931BEFF229002C0205 /* Build configuration list for PBXNativeTarget "Shunter-iOS Tests" */;
			buildPhases = (
				52D6D9821BEFF229002C0205 /* Sources */,
				52D6D9831BEFF229002C0205 /* Frameworks */,
				52D6D9841BEFF229002C0205 /* Resources */,
			);
			buildRules = (
			);
			dependencies = (
				52D6D9891BEFF229002C0205 /* PBXTargetDependency */,
			);
			name = "Shunter-iOS Tests";
			productName = ShunterTests;
			productReference = 52D6D9861BEFF229002C0205 /* Shunter-iOS Tests.xctest */;
			productType = "com.apple.product-type.bundle.unit-test";
		};
		52D6D9EF1BEFFFBE002C0205 /* Shunter-tvOS */ = {
			isa = PBXNativeTarget;
			buildConfigurationList = 52D6DA011BEFFFBE002C0205 /* Build configuration list for PBXNativeTarget "Shunter-tvOS" */;
			buildPhases = (
				52D6D9EB1BEFFFBE002C0205 /* Sources */,
				52D6D9EC1BEFFFBE002C0205 /* Frameworks */,
				52D6D9ED1BEFFFBE002C0205 /* Headers */,
				52D6D9EE1BEFFFBE002C0205 /* Resources */,
			);
			buildRules = (
			);
			dependencies = (
			);
			name = "Shunter-tvOS";
			productName = "Shunter-tvOS";
			productReference = 52D6D9F01BEFFFBE002C0205 /* Shunter.framework */;
			productType = "com.apple.product-type.framework";
		};
		52D6DA0E1BF000BD002C0205 /* Shunter-macOS */ = {
			isa = PBXNativeTarget;
			buildConfigurationList = 52D6DA201BF000BD002C0205 /* Build configuration list for PBXNativeTarget "Shunter-macOS" */;
			buildPhases = (
				52D6DA0A1BF000BD002C0205 /* Sources */,
				52D6DA0B1BF000BD002C0205 /* Frameworks */,
				52D6DA0C1BF000BD002C0205 /* Headers */,
				52D6DA0D1BF000BD002C0205 /* Resources */,
			);
			buildRules = (
			);
			dependencies = (
			);
			name = "Shunter-macOS";
			productName = "Shunter-macOS";
			productReference = 52D6DA0F1BF000BD002C0205 /* Shunter.framework */;
			productType = "com.apple.product-type.framework";
		};
		DD7502791C68FCFC006590AF /* Shunter-macOS Tests */ = {
			isa = PBXNativeTarget;
			buildConfigurationList = DD7502821C68FCFC006590AF /* Build configuration list for PBXNativeTarget "Shunter-macOS Tests" */;
			buildPhases = (
				DD7502761C68FCFC006590AF /* Sources */,
				DD7502771C68FCFC006590AF /* Frameworks */,
				DD7502781C68FCFC006590AF /* Resources */,
			);
			buildRules = (
			);
			dependencies = (
				DD7502811C68FCFC006590AF /* PBXTargetDependency */,
			);
			name = "Shunter-macOS Tests";
			productName = "Shunter-OS Tests";
			productReference = DD75027A1C68FCFC006590AF /* Shunter-macOS Tests.xctest */;
			productType = "com.apple.product-type.bundle.unit-test";
		};
		DD75028C1C690C7A006590AF /* Shunter-tvOS Tests */ = {
			isa = PBXNativeTarget;
			buildConfigurationList = DD7502951C690C7A006590AF /* Build configuration list for PBXNativeTarget "Shunter-tvOS Tests" */;
			buildPhases = (
				DD7502891C690C7A006590AF /* Sources */,
				DD75028A1C690C7A006590AF /* Frameworks */,
				DD75028B1C690C7A006590AF /* Resources */,
			);
			buildRules = (
			);
			dependencies = (
				DD7502941C690C7A006590AF /* PBXTargetDependency */,
			);
			name = "Shunter-tvOS Tests";
			productName = "Shunter-tvOS Tests";
			productReference = DD75028D1C690C7A006590AF /* Shunter-tvOS Tests.xctest */;
			productType = "com.apple.product-type.bundle.unit-test";
		};
/* End PBXNativeTarget section */

/* Begin PBXProject section */
		52D6D9731BEFF229002C0205 /* Project object */ = {
			isa = PBXProject;
			attributes = {
				LastSwiftUpdateCheck = 1020;
				LastUpgradeCheck = 1020;
				ORGANIZATIONNAME = "Wojciech Chojnacki";
				TargetAttributes = {
					0EE518F322A3E1E5007B8A3D = {
						CreatedOnToolsVersion = 10.2.1;
						ProvisioningStyle = Automatic;
					};
					52D6D97B1BEFF229002C0205 = {
						CreatedOnToolsVersion = 7.1;
						LastSwiftMigration = 1020;
					};
					52D6D9851BEFF229002C0205 = {
						CreatedOnToolsVersion = 7.1;
						LastSwiftMigration = 1020;
					};
					52D6D9EF1BEFFFBE002C0205 = {
						CreatedOnToolsVersion = 7.1;
						LastSwiftMigration = 1020;
					};
					52D6DA0E1BF000BD002C0205 = {
						CreatedOnToolsVersion = 7.1;
						LastSwiftMigration = 1020;
					};
					DD7502791C68FCFC006590AF = {
						CreatedOnToolsVersion = 7.2.1;
						LastSwiftMigration = 1020;
					};
					DD75028C1C690C7A006590AF = {
						CreatedOnToolsVersion = 7.2.1;
						LastSwiftMigration = 1020;
					};
				};
			};
			buildConfigurationList = 52D6D9761BEFF229002C0205 /* Build configuration list for PBXProject "Shunter" */;
			compatibilityVersion = "Xcode 6.3";
			developmentRegion = en;
			hasScannedForEncodings = 0;
			knownRegions = (
				en,
				Base,
			);
			mainGroup = 52D6D9721BEFF229002C0205;
			productRefGroup = 52D6D97D1BEFF229002C0205 /* Products */;
			projectDirPath = "";
			projectRoot = "";
			targets = (
				52D6D97B1BEFF229002C0205 /* Shunter-iOS */,
				52D6DA0E1BF000BD002C0205 /* Shunter-macOS */,
				52D6D9EF1BEFFFBE002C0205 /* Shunter-tvOS */,
				52D6D9851BEFF229002C0205 /* Shunter-iOS Tests */,
				DD7502791C68FCFC006590AF /* Shunter-macOS Tests */,
				DD75028C1C690C7A006590AF /* Shunter-tvOS Tests */,
				0EE518F322A3E1E5007B8A3D /* Demo */,
			);
		};
/* End PBXProject section */

/* Begin PBXResourcesBuildPhase section */
		0EE518F222A3E1E5007B8A3D /* Resources */ = {
			isa = PBXResourcesBuildPhase;
			buildActionMask = 2147483647;
			files = (
				0EE5190122A3E1E7007B8A3D /* LaunchScreen.storyboard in Resources */,
				0EE518FE22A3E1E7007B8A3D /* Assets.xcassets in Resources */,
				0EE518FC22A3E1E5007B8A3D /* Main.storyboard in Resources */,
			);
			runOnlyForDeploymentPostprocessing = 0;
		};
		52D6D97A1BEFF229002C0205 /* Resources */ = {
			isa = PBXResourcesBuildPhase;
			buildActionMask = 2147483647;
			files = (
				0EE518D522A3E0E5007B8A3D /* Localizable.strings in Resources */,
			);
			runOnlyForDeploymentPostprocessing = 0;
		};
		52D6D9841BEFF229002C0205 /* Resources */ = {
			isa = PBXResourcesBuildPhase;
			buildActionMask = 2147483647;
			files = (
			);
			runOnlyForDeploymentPostprocessing = 0;
		};
		52D6D9EE1BEFFFBE002C0205 /* Resources */ = {
			isa = PBXResourcesBuildPhase;
			buildActionMask = 2147483647;
			files = (
				0EE518D722A3E0E5007B8A3D /* Localizable.strings in Resources */,
			);
			runOnlyForDeploymentPostprocessing = 0;
		};
		52D6DA0D1BF000BD002C0205 /* Resources */ = {
			isa = PBXResourcesBuildPhase;
			buildActionMask = 2147483647;
			files = (
				0EE518D622A3E0E5007B8A3D /* Localizable.strings in Resources */,
			);
			runOnlyForDeploymentPostprocessing = 0;
		};
		DD7502781C68FCFC006590AF /* Resources */ = {
			isa = PBXResourcesBuildPhase;
			buildActionMask = 2147483647;
			files = (
			);
			runOnlyForDeploymentPostprocessing = 0;
		};
		DD75028B1C690C7A006590AF /* Resources */ = {
			isa = PBXResourcesBuildPhase;
			buildActionMask = 2147483647;
			files = (
			);
			runOnlyForDeploymentPostprocessing = 0;
		};
/* End PBXResourcesBuildPhase section */

/* Begin PBXSourcesBuildPhase section */
		0EE518F022A3E1E5007B8A3D /* Sources */ = {
			isa = PBXSourcesBuildPhase;
			buildActionMask = 2147483647;
			files = (
				0EE5190722A3E20B007B8A3D /* ApplicationFeatures.swift in Sources */,
				0EE518F922A3E1E5007B8A3D /* ViewController.swift in Sources */,
				0EE518F722A3E1E5007B8A3D /* AppDelegate.swift in Sources */,
			);
			runOnlyForDeploymentPostprocessing = 0;
		};
		52D6D9771BEFF229002C0205 /* Sources */ = {
			isa = PBXSourcesBuildPhase;
			buildActionMask = 2147483647;
			files = (
				0EE518E422A3E0E5007B8A3D /* Feature.swift in Sources */,
				0EE518E122A3E0E5007B8A3D /* InMemorySettingsStorage.swift in Sources */,
				0EE518DB22A3E0E5007B8A3D /* UIWindow+shake.swift in Sources */,
				0EE518ED22A3E0E5007B8A3D /* Configuration.swift in Sources */,
				0EE518D222A3E0E5007B8A3D /* FeatureManager+OverrideScreen.swift in Sources */,
				0EE518D822A3E0E5007B8A3D /* FeaturesOverrideViewController.swift in Sources */,
				0EE518DE22A3E0E5007B8A3D /* UserDefaultsSettingsStorage.swift in Sources */,
				0EE518EA22A3E0E5007B8A3D /* SettingsStorage.swift in Sources */,
				0EE518E722A3E0E5007B8A3D /* FeatureManager.swift in Sources */,
			);
			runOnlyForDeploymentPostprocessing = 0;
		};
		52D6D9821BEFF229002C0205 /* Sources */ = {
			isa = PBXSourcesBuildPhase;
			buildActionMask = 2147483647;
			files = (
				0EE5190D22A3E352007B8A3D /* InMemorySettingsStorageTests.swift in Sources */,
				0EE5191522A3EC43007B8A3D /* UserDefaultsSettingsStorageTests.swift in Sources */,
				0EE5190922A3E299007B8A3D /* FeatureManagerTests.swift in Sources */,
			);
			runOnlyForDeploymentPostprocessing = 0;
		};
		52D6D9EB1BEFFFBE002C0205 /* Sources */ = {
			isa = PBXSourcesBuildPhase;
			buildActionMask = 2147483647;
			files = (
				0EE518E622A3E0E5007B8A3D /* Feature.swift in Sources */,
				0EE518E322A3E0E5007B8A3D /* InMemorySettingsStorage.swift in Sources */,
				0EE518DD22A3E0E5007B8A3D /* UIWindow+shake.swift in Sources */,
				0EE518EF22A3E0E5007B8A3D /* Configuration.swift in Sources */,
				0EE518D422A3E0E5007B8A3D /* FeatureManager+OverrideScreen.swift in Sources */,
				0EE518DA22A3E0E5007B8A3D /* FeaturesOverrideViewController.swift in Sources */,
				0EE518E022A3E0E5007B8A3D /* UserDefaultsSettingsStorage.swift in Sources */,
				0EE518EC22A3E0E5007B8A3D /* SettingsStorage.swift in Sources */,
				0EE518E922A3E0E5007B8A3D /* FeatureManager.swift in Sources */,
			);
			runOnlyForDeploymentPostprocessing = 0;
		};
		52D6DA0A1BF000BD002C0205 /* Sources */ = {
			isa = PBXSourcesBuildPhase;
			buildActionMask = 2147483647;
			files = (
				0EE518E522A3E0E5007B8A3D /* Feature.swift in Sources */,
				0EE518E222A3E0E5007B8A3D /* InMemorySettingsStorage.swift in Sources */,
				0EE518DC22A3E0E5007B8A3D /* UIWindow+shake.swift in Sources */,
				0EE518EE22A3E0E5007B8A3D /* Configuration.swift in Sources */,
				0EE518D322A3E0E5007B8A3D /* FeatureManager+OverrideScreen.swift in Sources */,
				0EE518D922A3E0E5007B8A3D /* FeaturesOverrideViewController.swift in Sources */,
				0EE518DF22A3E0E5007B8A3D /* UserDefaultsSettingsStorage.swift in Sources */,
				0EE518EB22A3E0E5007B8A3D /* SettingsStorage.swift in Sources */,
				0EE518E822A3E0E5007B8A3D /* FeatureManager.swift in Sources */,
			);
			runOnlyForDeploymentPostprocessing = 0;
		};
		DD7502761C68FCFC006590AF /* Sources */ = {
			isa = PBXSourcesBuildPhase;
			buildActionMask = 2147483647;
			files = (
				0EE5190E22A3E352007B8A3D /* InMemorySettingsStorageTests.swift in Sources */,
				0EE5191622A3EC43007B8A3D /* UserDefaultsSettingsStorageTests.swift in Sources */,
				0EE5190A22A3E299007B8A3D /* FeatureManagerTests.swift in Sources */,
			);
			runOnlyForDeploymentPostprocessing = 0;
		};
		DD7502891C690C7A006590AF /* Sources */ = {
			isa = PBXSourcesBuildPhase;
			buildActionMask = 2147483647;
			files = (
				0EE5190F22A3E352007B8A3D /* InMemorySettingsStorageTests.swift in Sources */,
				0EE5191722A3EC43007B8A3D /* UserDefaultsSettingsStorageTests.swift in Sources */,
				0EE5190B22A3E299007B8A3D /* FeatureManagerTests.swift in Sources */,
			);
			runOnlyForDeploymentPostprocessing = 0;
		};
/* End PBXSourcesBuildPhase section */

/* Begin PBXTargetDependency section */
		52D6D9891BEFF229002C0205 /* PBXTargetDependency */ = {
			isa = PBXTargetDependency;
			target = 52D6D97B1BEFF229002C0205 /* Shunter-iOS */;
			targetProxy = 52D6D9881BEFF229002C0205 /* PBXContainerItemProxy */;
		};
		DD7502811C68FCFC006590AF /* PBXTargetDependency */ = {
			isa = PBXTargetDependency;
			target = 52D6DA0E1BF000BD002C0205 /* Shunter-macOS */;
			targetProxy = DD7502801C68FCFC006590AF /* PBXContainerItemProxy */;
		};
		DD7502941C690C7A006590AF /* PBXTargetDependency */ = {
			isa = PBXTargetDependency;
			target = 52D6D9EF1BEFFFBE002C0205 /* Shunter-tvOS */;
			targetProxy = DD7502931C690C7A006590AF /* PBXContainerItemProxy */;
		};
/* End PBXTargetDependency section */

/* Begin PBXVariantGroup section */
		0EE518FA22A3E1E5007B8A3D /* Main.storyboard */ = {
			isa = PBXVariantGroup;
			children = (
				0EE518FB22A3E1E5007B8A3D /* Base */,
			);
			name = Main.storyboard;
			sourceTree = "<group>";
		};
		0EE518FF22A3E1E7007B8A3D /* LaunchScreen.storyboard */ = {
			isa = PBXVariantGroup;
			children = (
				0EE5190022A3E1E7007B8A3D /* Base */,
			);
			name = LaunchScreen.storyboard;
			sourceTree = "<group>";
		};
/* End PBXVariantGroup section */

/* Begin XCBuildConfiguration section */
		0EE5190422A3E1E7007B8A3D /* Debug */ = {
			isa = XCBuildConfiguration;
			buildSettings = {
				ASSETCATALOG_COMPILER_APPICON_NAME = AppIcon;
				CLANG_ANALYZER_NONNULL = YES;
				CLANG_ANALYZER_NUMBER_OBJECT_CONVERSION = YES_AGGRESSIVE;
				CLANG_CXX_LANGUAGE_STANDARD = "gnu++14";
				CLANG_ENABLE_OBJC_WEAK = YES;
				CLANG_WARN_DOCUMENTATION_COMMENTS = YES;
				CLANG_WARN_UNGUARDED_AVAILABILITY = YES_AGGRESSIVE;
				CODE_SIGN_IDENTITY = "iPhone Developer";
				CODE_SIGN_STYLE = Automatic;
				GCC_C_LANGUAGE_STANDARD = gnu11;
				INFOPLIST_FILE = Demo/Info.plist;
				IPHONEOS_DEPLOYMENT_TARGET = 12.2;
				LD_RUNPATH_SEARCH_PATHS = "$(inherited) @executable_path/Frameworks";
				MTL_ENABLE_DEBUG_INFO = INCLUDE_SOURCE;
				MTL_FAST_MATH = YES;
				PRODUCT_BUNDLE_IDENTIFIER = "com.chojnac.shunter.Demo-iOS.Demo";
				PRODUCT_NAME = "$(TARGET_NAME)";
				SWIFT_ACTIVE_COMPILATION_CONDITIONS = DEBUG;
				SWIFT_VERSION = 5.0;
				TARGETED_DEVICE_FAMILY = "1,2";
			};
			name = Debug;
		};
		0EE5190522A3E1E7007B8A3D /* Release */ = {
			isa = XCBuildConfiguration;
			buildSettings = {
				ASSETCATALOG_COMPILER_APPICON_NAME = AppIcon;
				CLANG_ANALYZER_NONNULL = YES;
				CLANG_ANALYZER_NUMBER_OBJECT_CONVERSION = YES_AGGRESSIVE;
				CLANG_CXX_LANGUAGE_STANDARD = "gnu++14";
				CLANG_ENABLE_OBJC_WEAK = YES;
				CLANG_WARN_DOCUMENTATION_COMMENTS = YES;
				CLANG_WARN_UNGUARDED_AVAILABILITY = YES_AGGRESSIVE;
				CODE_SIGN_IDENTITY = "iPhone Developer";
				CODE_SIGN_STYLE = Automatic;
				GCC_C_LANGUAGE_STANDARD = gnu11;
				INFOPLIST_FILE = Demo/Info.plist;
				IPHONEOS_DEPLOYMENT_TARGET = 12.2;
				LD_RUNPATH_SEARCH_PATHS = "$(inherited) @executable_path/Frameworks";
				MTL_FAST_MATH = YES;
				PRODUCT_BUNDLE_IDENTIFIER = "com.chojnac.shunter.Demo-iOS.Demo";
				PRODUCT_NAME = "$(TARGET_NAME)";
				SWIFT_OPTIMIZATION_LEVEL = "-Owholemodule";
				SWIFT_VERSION = 5.0;
				TARGETED_DEVICE_FAMILY = "1,2";
			};
			name = Release;
		};
		52D6D98E1BEFF229002C0205 /* Debug */ = {
			isa = XCBuildConfiguration;
			buildSettings = {
				ALWAYS_SEARCH_USER_PATHS = NO;
				CLANG_ANALYZER_LOCALIZABILITY_NONLOCALIZED = YES;
				CLANG_CXX_LANGUAGE_STANDARD = "gnu++0x";
				CLANG_CXX_LIBRARY = "libc++";
				CLANG_ENABLE_MODULES = YES;
				CLANG_ENABLE_OBJC_ARC = YES;
				CLANG_WARN_BLOCK_CAPTURE_AUTORELEASING = YES;
				CLANG_WARN_BOOL_CONVERSION = YES;
				CLANG_WARN_COMMA = YES;
				CLANG_WARN_CONSTANT_CONVERSION = YES;
				CLANG_WARN_DEPRECATED_OBJC_IMPLEMENTATIONS = YES;
				CLANG_WARN_DIRECT_OBJC_ISA_USAGE = YES_ERROR;
				CLANG_WARN_EMPTY_BODY = YES;
				CLANG_WARN_ENUM_CONVERSION = YES;
				CLANG_WARN_INFINITE_RECURSION = YES;
				CLANG_WARN_INT_CONVERSION = YES;
				CLANG_WARN_NON_LITERAL_NULL_CONVERSION = YES;
				CLANG_WARN_OBJC_IMPLICIT_RETAIN_SELF = YES;
				CLANG_WARN_OBJC_LITERAL_CONVERSION = YES;
				CLANG_WARN_OBJC_ROOT_CLASS = YES_ERROR;
				CLANG_WARN_RANGE_LOOP_ANALYSIS = YES;
				CLANG_WARN_STRICT_PROTOTYPES = YES;
				CLANG_WARN_SUSPICIOUS_MOVE = YES;
				CLANG_WARN_UNREACHABLE_CODE = YES;
				CLANG_WARN__DUPLICATE_METHOD_MATCH = YES;
				"CODE_SIGN_IDENTITY[sdk=iphoneos*]" = "iPhone Developer";
				COPY_PHASE_STRIP = NO;
				CURRENT_PROJECT_VERSION = 1;
				DEBUG_INFORMATION_FORMAT = dwarf;
				ENABLE_STRICT_OBJC_MSGSEND = YES;
				ENABLE_TESTABILITY = YES;
				GCC_C_LANGUAGE_STANDARD = gnu99;
				GCC_DYNAMIC_NO_PIC = NO;
				GCC_NO_COMMON_BLOCKS = YES;
				GCC_OPTIMIZATION_LEVEL = 0;
				GCC_PREPROCESSOR_DEFINITIONS = (
					"DEBUG=1",
					"$(inherited)",
				);
				GCC_WARN_64_TO_32_BIT_CONVERSION = YES;
				GCC_WARN_ABOUT_RETURN_TYPE = YES_ERROR;
				GCC_WARN_UNDECLARED_SELECTOR = YES;
				GCC_WARN_UNINITIALIZED_AUTOS = YES_AGGRESSIVE;
				GCC_WARN_UNUSED_FUNCTION = YES;
				GCC_WARN_UNUSED_VARIABLE = YES;
				IPHONEOS_DEPLOYMENT_TARGET = 11.0;
				MACOSX_DEPLOYMENT_TARGET = 10.10;
				MTL_ENABLE_DEBUG_INFO = YES;
				ONLY_ACTIVE_ARCH = YES;
				SDKROOT = iphoneos;
				SWIFT_OPTIMIZATION_LEVEL = "-Onone";
				SWIFT_VERSION = 5.0;
				TARGETED_DEVICE_FAMILY = "1,2";
				VERSIONING_SYSTEM = "apple-generic";
				VERSION_INFO_PREFIX = "";
			};
			name = Debug;
		};
		52D6D98F1BEFF229002C0205 /* Release */ = {
			isa = XCBuildConfiguration;
			buildSettings = {
				ALWAYS_SEARCH_USER_PATHS = NO;
				CLANG_ANALYZER_LOCALIZABILITY_NONLOCALIZED = YES;
				CLANG_CXX_LANGUAGE_STANDARD = "gnu++0x";
				CLANG_CXX_LIBRARY = "libc++";
				CLANG_ENABLE_MODULES = YES;
				CLANG_ENABLE_OBJC_ARC = YES;
				CLANG_WARN_BLOCK_CAPTURE_AUTORELEASING = YES;
				CLANG_WARN_BOOL_CONVERSION = YES;
				CLANG_WARN_COMMA = YES;
				CLANG_WARN_CONSTANT_CONVERSION = YES;
				CLANG_WARN_DEPRECATED_OBJC_IMPLEMENTATIONS = YES;
				CLANG_WARN_DIRECT_OBJC_ISA_USAGE = YES_ERROR;
				CLANG_WARN_EMPTY_BODY = YES;
				CLANG_WARN_ENUM_CONVERSION = YES;
				CLANG_WARN_INFINITE_RECURSION = YES;
				CLANG_WARN_INT_CONVERSION = YES;
				CLANG_WARN_NON_LITERAL_NULL_CONVERSION = YES;
				CLANG_WARN_OBJC_IMPLICIT_RETAIN_SELF = YES;
				CLANG_WARN_OBJC_LITERAL_CONVERSION = YES;
				CLANG_WARN_OBJC_ROOT_CLASS = YES_ERROR;
				CLANG_WARN_RANGE_LOOP_ANALYSIS = YES;
				CLANG_WARN_STRICT_PROTOTYPES = YES;
				CLANG_WARN_SUSPICIOUS_MOVE = YES;
				CLANG_WARN_UNREACHABLE_CODE = YES;
				CLANG_WARN__DUPLICATE_METHOD_MATCH = YES;
				"CODE_SIGN_IDENTITY[sdk=iphoneos*]" = "iPhone Developer";
				COPY_PHASE_STRIP = NO;
				CURRENT_PROJECT_VERSION = 1;
				DEBUG_INFORMATION_FORMAT = "dwarf-with-dsym";
				ENABLE_NS_ASSERTIONS = NO;
				ENABLE_STRICT_OBJC_MSGSEND = YES;
				GCC_C_LANGUAGE_STANDARD = gnu99;
				GCC_NO_COMMON_BLOCKS = YES;
				GCC_WARN_64_TO_32_BIT_CONVERSION = YES;
				GCC_WARN_ABOUT_RETURN_TYPE = YES_ERROR;
				GCC_WARN_UNDECLARED_SELECTOR = YES;
				GCC_WARN_UNINITIALIZED_AUTOS = YES_AGGRESSIVE;
				GCC_WARN_UNUSED_FUNCTION = YES;
				GCC_WARN_UNUSED_VARIABLE = YES;
				IPHONEOS_DEPLOYMENT_TARGET = 11.0;
				MACOSX_DEPLOYMENT_TARGET = 10.10;
				MTL_ENABLE_DEBUG_INFO = NO;
				SDKROOT = iphoneos;
				SWIFT_VERSION = 5.0;
				TARGETED_DEVICE_FAMILY = "1,2";
				VALIDATE_PRODUCT = YES;
				VERSIONING_SYSTEM = "apple-generic";
				VERSION_INFO_PREFIX = "";
			};
			name = Release;
		};
		52D6D9911BEFF229002C0205 /* Debug */ = {
			isa = XCBuildConfiguration;
			buildSettings = {
				APPLICATION_EXTENSION_API_ONLY = NO;
				CLANG_ENABLE_MODULES = YES;
				"CODE_SIGN_IDENTITY[sdk=iphoneos*]" = "";
				DEFINES_MODULE = YES;
				DYLIB_COMPATIBILITY_VERSION = 1;
				DYLIB_CURRENT_VERSION = 1;
				DYLIB_INSTALL_NAME_BASE = "@rpath";
				INFOPLIST_FILE = Configs/Shunter.plist;
				INSTALL_PATH = "$(LOCAL_LIBRARY_DIR)/Frameworks";
				IPHONEOS_DEPLOYMENT_TARGET = 11.0;
				LD_RUNPATH_SEARCH_PATHS = "$(inherited) @executable_path/Frameworks @loader_path/Frameworks";
				ONLY_ACTIVE_ARCH = NO;
				PRODUCT_BUNDLE_IDENTIFIER = "com.chojnac.Shunter.Shunter-iOS";
				PRODUCT_NAME = Shunter;
				SKIP_INSTALL = YES;
				SWIFT_OPTIMIZATION_LEVEL = "-Onone";
				SWIFT_VERSION = 5.0;
			};
			name = Debug;
		};
		52D6D9921BEFF229002C0205 /* Release */ = {
			isa = XCBuildConfiguration;
			buildSettings = {
				APPLICATION_EXTENSION_API_ONLY = NO;
				CLANG_ENABLE_MODULES = YES;
				"CODE_SIGN_IDENTITY[sdk=iphoneos*]" = "";
				DEFINES_MODULE = YES;
				DYLIB_COMPATIBILITY_VERSION = 1;
				DYLIB_CURRENT_VERSION = 1;
				DYLIB_INSTALL_NAME_BASE = "@rpath";
				INFOPLIST_FILE = Configs/Shunter.plist;
				INSTALL_PATH = "$(LOCAL_LIBRARY_DIR)/Frameworks";
				IPHONEOS_DEPLOYMENT_TARGET = 11.0;
				LD_RUNPATH_SEARCH_PATHS = "$(inherited) @executable_path/Frameworks @loader_path/Frameworks";
				PRODUCT_BUNDLE_IDENTIFIER = "com.chojnac.Shunter.Shunter-iOS";
				PRODUCT_NAME = Shunter;
				SKIP_INSTALL = YES;
				SWIFT_OPTIMIZATION_LEVEL = "-Owholemodule";
				SWIFT_VERSION = 5.0;
			};
			name = Release;
		};
		52D6D9941BEFF229002C0205 /* Debug */ = {
			isa = XCBuildConfiguration;
			buildSettings = {
				ALWAYS_EMBED_SWIFT_STANDARD_LIBRARIES = YES;
				CLANG_ENABLE_MODULES = YES;
				INFOPLIST_FILE = Configs/ShunterTests.plist;
				LD_RUNPATH_SEARCH_PATHS = "$(inherited) @executable_path/Frameworks @loader_path/Frameworks";
				PRODUCT_BUNDLE_IDENTIFIER = "com.Shunter.Shunter-iOS-Tests";
				PRODUCT_NAME = "$(TARGET_NAME)";
				SWIFT_OPTIMIZATION_LEVEL = "-Onone";
				SWIFT_VERSION = 5.0;
			};
			name = Debug;
		};
		52D6D9951BEFF229002C0205 /* Release */ = {
			isa = XCBuildConfiguration;
			buildSettings = {
				ALWAYS_EMBED_SWIFT_STANDARD_LIBRARIES = YES;
				CLANG_ENABLE_MODULES = YES;
				INFOPLIST_FILE = Configs/ShunterTests.plist;
				LD_RUNPATH_SEARCH_PATHS = "$(inherited) @executable_path/Frameworks @loader_path/Frameworks";
				PRODUCT_BUNDLE_IDENTIFIER = "com.Shunter.Shunter-iOS-Tests";
				PRODUCT_NAME = "$(TARGET_NAME)";
				SWIFT_OPTIMIZATION_LEVEL = "-Owholemodule";
				SWIFT_VERSION = 5.0;
			};
			name = Release;
		};
		52D6DA021BEFFFBE002C0205 /* Debug */ = {
			isa = XCBuildConfiguration;
			buildSettings = {
				APPLICATION_EXTENSION_API_ONLY = YES;
				"CODE_SIGN_IDENTITY[sdk=appletvos*]" = "";
				DEFINES_MODULE = YES;
				DYLIB_COMPATIBILITY_VERSION = 1;
				DYLIB_CURRENT_VERSION = 1;
				DYLIB_INSTALL_NAME_BASE = "@rpath";
				INFOPLIST_FILE = Configs/Shunter.plist;
				INSTALL_PATH = "$(LOCAL_LIBRARY_DIR)/Frameworks";
				LD_RUNPATH_SEARCH_PATHS = "$(inherited) @executable_path/Frameworks @loader_path/Frameworks";
				PRODUCT_BUNDLE_IDENTIFIER = "com.chojnac.Shunter.Shunter-tvOS";
				PRODUCT_NAME = Shunter;
				SDKROOT = appletvos;
				SKIP_INSTALL = YES;
				SWIFT_VERSION = 5.0;
				TARGETED_DEVICE_FAMILY = 3;
				TVOS_DEPLOYMENT_TARGET = 10.0;
			};
			name = Debug;
		};
		52D6DA031BEFFFBE002C0205 /* Release */ = {
			isa = XCBuildConfiguration;
			buildSettings = {
				APPLICATION_EXTENSION_API_ONLY = YES;
				"CODE_SIGN_IDENTITY[sdk=appletvos*]" = "";
				DEFINES_MODULE = YES;
				DYLIB_COMPATIBILITY_VERSION = 1;
				DYLIB_CURRENT_VERSION = 1;
				DYLIB_INSTALL_NAME_BASE = "@rpath";
				INFOPLIST_FILE = Configs/Shunter.plist;
				INSTALL_PATH = "$(LOCAL_LIBRARY_DIR)/Frameworks";
				LD_RUNPATH_SEARCH_PATHS = "$(inherited) @executable_path/Frameworks @loader_path/Frameworks";
				PRODUCT_BUNDLE_IDENTIFIER = "com.chojnac.Shunter.Shunter-tvOS";
				PRODUCT_NAME = Shunter;
				SDKROOT = appletvos;
				SKIP_INSTALL = YES;
				SWIFT_OPTIMIZATION_LEVEL = "-Owholemodule";
				SWIFT_VERSION = 5.0;
				TARGETED_DEVICE_FAMILY = 3;
				TVOS_DEPLOYMENT_TARGET = 10.0;
			};
			name = Release;
		};
		52D6DA211BF000BD002C0205 /* Debug */ = {
			isa = XCBuildConfiguration;
			buildSettings = {
				APPLICATION_EXTENSION_API_ONLY = YES;
				CODE_SIGN_IDENTITY = "-";
				COMBINE_HIDPI_IMAGES = YES;
				DEFINES_MODULE = YES;
				DYLIB_COMPATIBILITY_VERSION = 1;
				DYLIB_CURRENT_VERSION = 1;
				DYLIB_INSTALL_NAME_BASE = "@rpath";
				FRAMEWORK_VERSION = A;
				INFOPLIST_FILE = Configs/Shunter.plist;
				INSTALL_PATH = "$(LOCAL_LIBRARY_DIR)/Frameworks";
				LD_RUNPATH_SEARCH_PATHS = "$(inherited) @executable_path/../Frameworks @loader_path/Frameworks";
				MACOSX_DEPLOYMENT_TARGET = 10.10;
				PRODUCT_BUNDLE_IDENTIFIER = "com.chojnac.Shunter.Shunter-macOS";
				PRODUCT_NAME = Shunter;
				SDKROOT = macosx;
				SKIP_INSTALL = YES;
				SWIFT_VERSION = 5.0;
			};
			name = Debug;
		};
		52D6DA221BF000BD002C0205 /* Release */ = {
			isa = XCBuildConfiguration;
			buildSettings = {
				APPLICATION_EXTENSION_API_ONLY = YES;
				CODE_SIGN_IDENTITY = "-";
				COMBINE_HIDPI_IMAGES = YES;
				DEFINES_MODULE = YES;
				DYLIB_COMPATIBILITY_VERSION = 1;
				DYLIB_CURRENT_VERSION = 1;
				DYLIB_INSTALL_NAME_BASE = "@rpath";
				FRAMEWORK_VERSION = A;
				INFOPLIST_FILE = Configs/Shunter.plist;
				INSTALL_PATH = "$(LOCAL_LIBRARY_DIR)/Frameworks";
				LD_RUNPATH_SEARCH_PATHS = "$(inherited) @executable_path/../Frameworks @loader_path/Frameworks";
				MACOSX_DEPLOYMENT_TARGET = 10.10;
				PRODUCT_BUNDLE_IDENTIFIER = "com.chojnac.Shunter.Shunter-macOS";
				PRODUCT_NAME = Shunter;
				SDKROOT = macosx;
				SKIP_INSTALL = YES;
				SWIFT_OPTIMIZATION_LEVEL = "-Owholemodule";
				SWIFT_VERSION = 5.0;
			};
			name = Release;
		};
		DD7502831C68FCFC006590AF /* Debug */ = {
			isa = XCBuildConfiguration;
			buildSettings = {
				ALWAYS_EMBED_SWIFT_STANDARD_LIBRARIES = YES;
				CODE_SIGN_IDENTITY = "-";
				COMBINE_HIDPI_IMAGES = YES;
				INFOPLIST_FILE = Configs/ShunterTests.plist;
				LD_RUNPATH_SEARCH_PATHS = "$(inherited) @executable_path/../Frameworks @loader_path/../Frameworks";
				MACOSX_DEPLOYMENT_TARGET = 10.11;
				PRODUCT_BUNDLE_IDENTIFIER = "com.Shunter.Shunter-macOS-Tests";
				PRODUCT_NAME = "$(TARGET_NAME)";
				SDKROOT = macosx;
				SWIFT_VERSION = 5.0;
			};
			name = Debug;
		};
		DD7502841C68FCFC006590AF /* Release */ = {
			isa = XCBuildConfiguration;
			buildSettings = {
				ALWAYS_EMBED_SWIFT_STANDARD_LIBRARIES = YES;
				CODE_SIGN_IDENTITY = "-";
				COMBINE_HIDPI_IMAGES = YES;
				INFOPLIST_FILE = Configs/ShunterTests.plist;
				LD_RUNPATH_SEARCH_PATHS = "$(inherited) @executable_path/../Frameworks @loader_path/../Frameworks";
				MACOSX_DEPLOYMENT_TARGET = 10.11;
				PRODUCT_BUNDLE_IDENTIFIER = "com.Shunter.Shunter-macOS-Tests";
				PRODUCT_NAME = "$(TARGET_NAME)";
				SDKROOT = macosx;
				SWIFT_OPTIMIZATION_LEVEL = "-Owholemodule";
				SWIFT_VERSION = 5.0;
			};
			name = Release;
		};
		DD7502961C690C7A006590AF /* Debug */ = {
			isa = XCBuildConfiguration;
			buildSettings = {
				ALWAYS_EMBED_SWIFT_STANDARD_LIBRARIES = YES;
				INFOPLIST_FILE = Configs/ShunterTests.plist;
				LD_RUNPATH_SEARCH_PATHS = "$(inherited) @executable_path/Frameworks @loader_path/Frameworks";
				PRODUCT_BUNDLE_IDENTIFIER = "com.Shunter.Shunter-tvOS-Tests";
				PRODUCT_NAME = "$(TARGET_NAME)";
				SDKROOT = appletvos;
				SWIFT_VERSION = 5.0;
				TVOS_DEPLOYMENT_TARGET = 9.1;
			};
			name = Debug;
		};
		DD7502971C690C7A006590AF /* Release */ = {
			isa = XCBuildConfiguration;
			buildSettings = {
				ALWAYS_EMBED_SWIFT_STANDARD_LIBRARIES = YES;
				INFOPLIST_FILE = Configs/ShunterTests.plist;
				LD_RUNPATH_SEARCH_PATHS = "$(inherited) @executable_path/Frameworks @loader_path/Frameworks";
				PRODUCT_BUNDLE_IDENTIFIER = "com.Shunter.Shunter-tvOS-Tests";
				PRODUCT_NAME = "$(TARGET_NAME)";
				SDKROOT = appletvos;
				SWIFT_OPTIMIZATION_LEVEL = "-Owholemodule";
				SWIFT_VERSION = 5.0;
				TVOS_DEPLOYMENT_TARGET = 9.1;
			};
			name = Release;
		};
/* End XCBuildConfiguration section */

/* Begin XCConfigurationList section */
		0EE5190322A3E1E7007B8A3D /* Build configuration list for PBXNativeTarget "Demo" */ = {
			isa = XCConfigurationList;
			buildConfigurations = (
				0EE5190422A3E1E7007B8A3D /* Debug */,
				0EE5190522A3E1E7007B8A3D /* Release */,
			);
			defaultConfigurationIsVisible = 0;
			defaultConfigurationName = Release;
		};
		52D6D9761BEFF229002C0205 /* Build configuration list for PBXProject "Shunter" */ = {
			isa = XCConfigurationList;
			buildConfigurations = (
				52D6D98E1BEFF229002C0205 /* Debug */,
				52D6D98F1BEFF229002C0205 /* Release */,
			);
			defaultConfigurationIsVisible = 0;
			defaultConfigurationName = Release;
		};
		52D6D9901BEFF229002C0205 /* Build configuration list for PBXNativeTarget "Shunter-iOS" */ = {
			isa = XCConfigurationList;
			buildConfigurations = (
				52D6D9911BEFF229002C0205 /* Debug */,
				52D6D9921BEFF229002C0205 /* Release */,
			);
			defaultConfigurationIsVisible = 0;
			defaultConfigurationName = Release;
		};
		52D6D9931BEFF229002C0205 /* Build configuration list for PBXNativeTarget "Shunter-iOS Tests" */ = {
			isa = XCConfigurationList;
			buildConfigurations = (
				52D6D9941BEFF229002C0205 /* Debug */,
				52D6D9951BEFF229002C0205 /* Release */,
			);
			defaultConfigurationIsVisible = 0;
			defaultConfigurationName = Release;
		};
		52D6DA011BEFFFBE002C0205 /* Build configuration list for PBXNativeTarget "Shunter-tvOS" */ = {
			isa = XCConfigurationList;
			buildConfigurations = (
				52D6DA021BEFFFBE002C0205 /* Debug */,
				52D6DA031BEFFFBE002C0205 /* Release */,
			);
			defaultConfigurationIsVisible = 0;
			defaultConfigurationName = Release;
		};
		52D6DA201BF000BD002C0205 /* Build configuration list for PBXNativeTarget "Shunter-macOS" */ = {
			isa = XCConfigurationList;
			buildConfigurations = (
				52D6DA211BF000BD002C0205 /* Debug */,
				52D6DA221BF000BD002C0205 /* Release */,
			);
			defaultConfigurationIsVisible = 0;
			defaultConfigurationName = Release;
		};
		DD7502821C68FCFC006590AF /* Build configuration list for PBXNativeTarget "Shunter-macOS Tests" */ = {
			isa = XCConfigurationList;
			buildConfigurations = (
				DD7502831C68FCFC006590AF /* Debug */,
				DD7502841C68FCFC006590AF /* Release */,
			);
			defaultConfigurationIsVisible = 0;
			defaultConfigurationName = Release;
		};
		DD7502951C690C7A006590AF /* Build configuration list for PBXNativeTarget "Shunter-tvOS Tests" */ = {
			isa = XCConfigurationList;
			buildConfigurations = (
				DD7502961C690C7A006590AF /* Debug */,
				DD7502971C690C7A006590AF /* Release */,
			);
			defaultConfigurationIsVisible = 0;
			defaultConfigurationName = Release;
		};
/* End XCConfigurationList section */
	};
	rootObject = 52D6D9731BEFF229002C0205 /* Project object */;
}
